
Microsoft Visual Studio Solution File, Format Version 12.00
# Visual Studio Version 17
VisualStudioVersion = 17.1.32228.430
MinimumVisualStudioVersion = 10.0.40219.1
Project("{FAE04EC0-301F-11D3-BF4B-00C04F79EFBC}") = "Generate-Invoice", "Generate-Invoice.csproj", "{B484332D-0FA8-4B33-B3CE-B4F126A2CE32}"
EndProject
Global
	GlobalSection(SolutionConfigurationPlatforms) = preSolution
		Debug|Any CPU = Debug|Any CPU
		Release|Any CPU = Release|Any CPU
	EndGlobalSection
	GlobalSection(ProjectConfigurationPlatforms) = postSolution
		{B484332D-0FA8-4B33-B3CE-B4F126A2CE32}.Debug|Any CPU.ActiveCfg = Debug|Any CPU
		{B484332D-0FA8-4B33-B3CE-B4F126A2CE32}.Debug|Any CPU.Build.0 = Debug|Any CPU
		{B484332D-0FA8-4B33-B3CE-B4F126A2CE32}.Release|Any CPU.ActiveCfg = Release|Any CPU
		{B484332D-0FA8-4B33-B3CE-B4F126A2CE32}.Release|Any CPU.Build.0 = Release|Any CPU
	EndGlobalSection
	GlobalSection(SolutionProperties) = preSolution
		HideSolutionNode = FALSE
	EndGlobalSection
	GlobalSection(ExtensibilityGlobals) = postSolution
		SolutionGuid = {864B528E-1030-46F7-A59E-DA7ADB27D898}
	EndGlobalSection
EndGlobal
